// !$*UTF8*$!
{
	archiveVersion = 1;
	classes = {
	};
	objectVersion = 50;
	objects = {

/* Begin PBXBuildFile section */
		843FE9F92100AF70003D9672 /* logingUP.m in Sources */ = {isa = PBXBuildFile; fileRef = 843FE9F82100AF70003D9672 /* logingUP.m */; };
		843FE9FA2100AF70003D9672 /* logingUP.h in CopyFiles */ = {isa = PBXBuildFile; fileRef = 843FE9F72100AF70003D9672 /* logingUP.h */; };
		843FEA022100B2FA003D9672 /* FG_instantiationTool.m in Sources */ = {isa = PBXBuildFile; fileRef = 843FEA012100B2FA003D9672 /* FG_instantiationTool.m */; };
		843FEA09210310EC003D9672 /* FG_logHttpRequest.m in Sources */ = {isa = PBXBuildFile; fileRef = 843FEA08210310EC003D9672 /* FG_logHttpRequest.m */; };
		843FEA0C21100BC4003D9672 /* FG_eventInfosTool.m in Sources */ = {isa = PBXBuildFile; fileRef = 843FEA0B21100BC4003D9672 /* FG_eventInfosTool.m */; };
/* End PBXBuildFile section */

/* Begin PBXCopyFilesBuildPhase section */
		843FE9F22100AF6F003D9672 /* CopyFiles */ = {
			isa = PBXCopyFilesBuildPhase;
			buildActionMask = 2147483647;
			dstPath = "include/$(PRODUCT_NAME)";
			dstSubfolderSpec = 16;
			files = (
				843FE9FA2100AF70003D9672 /* logingUP.h in CopyFiles */,
			);
			runOnlyForDeploymentPostprocessing = 0;
		};
/* End PBXCopyFilesBuildPhase section */

/* Begin PBXFileReference section */
		843FE9F42100AF70003D9672 /* liblogingUP.a */ = {isa = PBXFileReference; explicitFileType = archive.ar; includeInIndex = 0; path = liblogingUP.a; sourceTree = BUILT_PRODUCTS_DIR; };
		843FE9F72100AF70003D9672 /* logingUP.h */ = {isa = PBXFileReference; lastKnownFileType = sourcecode.c.h; path = logingUP.h; sourceTree = "<group>"; };
		843FE9F82100AF70003D9672 /* logingUP.m */ = {isa = PBXFileReference; lastKnownFileType = sourcecode.c.objc; path = logingUP.m; sourceTree = "<group>"; };
		843FEA002100B2FA003D9672 /* FG_instantiationTool.h */ = {isa = PBXFileReference; lastKnownFileType = sourcecode.c.h; path = FG_instantiationTool.h; sourceTree = "<group>"; };
		843FEA012100B2FA003D9672 /* FG_instantiationTool.m */ = {isa = PBXFileReference; lastKnownFileType = sourcecode.c.objc; path = FG_instantiationTool.m; sourceTree = "<group>"; };
		843FEA032100B36D003D9672 /* FGHeader.h */ = {isa = PBXFileReference; lastKnownFileType = sourcecode.c.h; path = FGHeader.h; sourceTree = "<group>"; };
		843FEA07210310EC003D9672 /* FG_logHttpRequest.h */ = {isa = PBXFileReference; lastKnownFileType = sourcecode.c.h; path = FG_logHttpRequest.h; sourceTree = "<group>"; };
		843FEA08210310EC003D9672 /* FG_logHttpRequest.m */ = {isa = PBXFileReference; lastKnownFileType = sourcecode.c.objc; path = FG_logHttpRequest.m; sourceTree = "<group>"; };
		843FEA0A21100BC4003D9672 /* FG_eventInfosTool.h */ = {isa = PBXFileReference; lastKnownFileType = sourcecode.c.h; path = FG_eventInfosTool.h; sourceTree = "<group>"; };
		843FEA0B21100BC4003D9672 /* FG_eventInfosTool.m */ = {isa = PBXFileReference; lastKnownFileType = sourcecode.c.objc; path = FG_eventInfosTool.m; sourceTree = "<group>"; };
/* End PBXFileReference section */

/* Begin PBXFrameworksBuildPhase section */
		843FE9F12100AF6F003D9672 /* Frameworks */ = {
			isa = PBXFrameworksBuildPhase;
			buildActionMask = 2147483647;
			files = (
			);
			runOnlyForDeploymentPostprocessing = 0;
		};
/* End PBXFrameworksBuildPhase section */

/* Begin PBXGroup section */
		843FE9EB2100AF6F003D9672 = {
			isa = PBXGroup;
			children = (
				843FE9F62100AF70003D9672 /* logingUP */,
				843FE9F52100AF70003D9672 /* Products */,
			);
			sourceTree = "<group>";
		};
		843FE9F52100AF70003D9672 /* Products */ = {
			isa = PBXGroup;
			children = (
				843FE9F42100AF70003D9672 /* liblogingUP.a */,
			);
			name = Products;
			sourceTree = "<group>";
		};
		843FE9F62100AF70003D9672 /* logingUP */ = {
			isa = PBXGroup;
			children = (
				843FE9F72100AF70003D9672 /* logingUP.h */,
				843FE9F82100AF70003D9672 /* logingUP.m */,
				843FEA002100B2FA003D9672 /* FG_instantiationTool.h */,
				843FEA012100B2FA003D9672 /* FG_instantiationTool.m */,
				843FEA07210310EC003D9672 /* FG_logHttpRequest.h */,
				843FEA08210310EC003D9672 /* FG_logHttpRequest.m */,
				843FEA0A21100BC4003D9672 /* FG_eventInfosTool.h */,
				843FEA0B21100BC4003D9672 /* FG_eventInfosTool.m */,
				843FEA032100B36D003D9672 /* FGHeader.h */,
			);
			path = logingUP;
			sourceTree = "<group>";
		};
/* End PBXGroup section */

/* Begin PBXNativeTarget section */
		843FE9F32100AF6F003D9672 /* logingUP */ = {
			isa = PBXNativeTarget;
			buildConfigurationList = 843FE9FD2100AF70003D9672 /* Build configuration list for PBXNativeTarget "logingUP" */;
			buildPhases = (
				843FE9F02100AF6F003D9672 /* Sources */,
				843FE9F12100AF6F003D9672 /* Frameworks */,
				843FE9F22100AF6F003D9672 /* CopyFiles */,
			);
			buildRules = (
			);
			dependencies = (
			);
			name = logingUP;
			productName = logingUP;
			productReference = 843FE9F42100AF70003D9672 /* liblogingUP.a */;
			productType = "com.apple.product-type.library.static";
		};
/* End PBXNativeTarget section */

/* Begin PBXProject section */
		843FE9EC2100AF6F003D9672 /* Project object */ = {
			isa = PBXProject;
			attributes = {
				LastUpgradeCheck = 0940;
				ORGANIZATIONNAME = WangFangGe;
				TargetAttributes = {
					843FE9F32100AF6F003D9672 = {
						CreatedOnToolsVersion = 9.4.1;
					};
				};
			};
			buildConfigurationList = 843FE9EF2100AF6F003D9672 /* Build configuration list for PBXProject "logingUP" */;
			compatibilityVersion = "Xcode 9.3";
			developmentRegion = en;
			hasScannedForEncodings = 0;
			knownRegions = (
				en,
			);
			mainGroup = 843FE9EB2100AF6F003D9672;
			productRefGroup = 843FE9F52100AF70003D9672 /* Products */;
			projectDirPath = "";
			projectRoot = "";
			targets = (
				843FE9F32100AF6F003D9672 /* logingUP */,
			);
		};
/* End PBXProject section */

/* Begin PBXSourcesBuildPhase section */
		843FE9F02100AF6F003D9672 /* Sources */ = {
			isa = PBXSourcesBuildPhase;
			buildActionMask = 2147483647;
			files = (
				843FEA022100B2FA003D9672 /* FG_instantiationTool.m in Sources */,
				843FEA0C21100BC4003D9672 /* FG_eventInfosTool.m in Sources */,
				843FE9F92100AF70003D9672 /* logingUP.m in Sources */,
				843FEA09210310EC003D9672 /* FG_logHttpRequest.m in Sources */,
			);
			runOnlyForDeploymentPostprocessing = 0;
		};
/* End PBXSourcesBuildPhase section */

/* Begin XCBuildConfiguration section */
		843FE9FB2100AF70003D9672 /* Debug */ = {
			isa = XCBuildConfiguration;
			buildSettings = {
				ALWAYS_SEARCH_USER_PATHS = NO;
				CLANG_ANALYZER_NONNULL = YES;
				CLANG_ANALYZER_NUMBER_OBJECT_CONVERSION = YES_AGGRESSIVE;
				CLANG_CXX_LANGUAGE_STANDARD = "gnu++14";
				CLANG_CXX_LIBRARY = "libc++";
				CLANG_ENABLE_MODULES = YES;
				CLANG_ENABLE_OBJC_ARC = YES;
				CLANG_ENABLE_OBJC_WEAK = YES;
				CLANG_WARN_BLOCK_CAPTURE_AUTORELEASING = YES;
				CLANG_WARN_BOOL_CONVERSION = YES;
				CLANG_WARN_COMMA = YES;
				CLANG_WARN_CONSTANT_CONVERSION = YES;
				CLANG_WARN_DEPRECATED_OBJC_IMPLEMENTATIONS = YES;
				CLANG_WARN_DIRECT_OBJC_ISA_USAGE = YES_ERROR;
				CLANG_WARN_DOCUMENTATION_COMMENTS = YES;
				CLANG_WARN_EMPTY_BODY = YES;
				CLANG_WARN_ENUM_CONVERSION = YES;
				CLANG_WARN_INFINITE_RECURSION = YES;
				CLANG_WARN_INT_CONVERSION = YES;
				CLANG_WARN_NON_LITERAL_NULL_CONVERSION = YES;
				CLANG_WARN_OBJC_IMPLICIT_RETAIN_SELF = YES;
				CLANG_WARN_OBJC_LITERAL_CONVERSION = YES;
				CLANG_WARN_OBJC_ROOT_CLASS = YES_ERROR;
				CLANG_WARN_RANGE_LOOP_ANALYSIS = YES;
				CLANG_WARN_STRICT_PROTOTYPES = YES;
				CLANG_WARN_SUSPICIOUS_MOVE = YES;
				CLANG_WARN_UNGUARDED_AVAILABILITY = YES_AGGRESSIVE;
				CLANG_WARN_UNREACHABLE_CODE = YES;
				CLANG_WARN__DUPLICATE_METHOD_MATCH = YES;
				CODE_SIGN_IDENTITY = "iPhone Developer";
				COPY_PHASE_STRIP = NO;
				DEBUG_INFORMATION_FORMAT = dwarf;
				ENABLE_STRICT_OBJC_MSGSEND = YES;
				ENABLE_TESTABILITY = YES;
				GCC_C_LANGUAGE_STANDARD = gnu11;
				GCC_DYNAMIC_NO_PIC = NO;
				GCC_NO_COMMON_BLOCKS = YES;
				GCC_OPTIMIZATION_LEVEL = 0;
				GCC_PREPROCESSOR_DEFINITIONS = (
					"DEBUG=1",
					"$(inherited)",
				);
				GCC_WARN_64_TO_32_BIT_CONVERSION = YES;
				GCC_WARN_ABOUT_RETURN_TYPE = YES_ERROR;
				GCC_WARN_UNDECLARED_SELECTOR = YES;
				GCC_WARN_UNINITIALIZED_AUTOS = YES_AGGRESSIVE;
				GCC_WARN_UNUSED_FUNCTION = YES;
				GCC_WARN_UNUSED_VARIABLE = YES;
				IPHONEOS_DEPLOYMENT_TARGET = 11.4;
				MTL_ENABLE_DEBUG_INFO = YES;
				ONLY_ACTIVE_ARCH = YES;
				SDKROOT = iphoneos;
			};
			name = Debug;
		};
		843FE9FC2100AF70003D9672 /* Release */ = {
			isa = XCBuildConfiguration;
			buildSettings = {
				ALWAYS_SEARCH_USER_PATHS = NO;
				CLANG_ANALYZER_NONNULL = YES;
				CLANG_ANALYZER_NUMBER_OBJECT_CONVERSION = YES_AGGRESSIVE;
				CLANG_CXX_LANGUAGE_STANDARD = "gnu++14";
				CLANG_CXX_LIBRARY = "libc++";
				CLANG_ENABLE_MODULES = YES;
				CLANG_ENABLE_OBJC_ARC = YES;
				CLANG_ENABLE_OBJC_WEAK = YES;
				CLANG_WARN_BLOCK_CAPTURE_AUTORELEASING = YES;
				CLANG_WARN_BOOL_CONVERSION = YES;
				CLANG_WARN_COMMA = YES;
				CLANG_WARN_CONSTANT_CONVERSION = YES;
				CLANG_WARN_DEPRECATED_OBJC_IMPLEMENTATIONS = YES;
				CLANG_WARN_DIRECT_OBJC_ISA_USAGE = YES_ERROR;
				CLANG_WARN_DOCUMENTATION_COMMENTS = YES;
				CLANG_WARN_EMPTY_BODY = YES;
				CLANG_WARN_ENUM_CONVERSION = YES;
				CLANG_WARN_INFINITE_RECURSION = YES;
				CLANG_WARN_INT_CONVERSION = YES;
				CLANG_WARN_NON_LITERAL_NULL_CONVERSION = YES;
				CLANG_WARN_OBJC_IMPLICIT_RETAIN_SELF = YES;
				CLANG_WARN_OBJC_LITERAL_CONVERSION = YES;
				CLANG_WARN_OBJC_ROOT_CLASS = YES_ERROR;
				CLANG_WARN_RANGE_LOOP_ANALYSIS = YES;
				CLANG_WARN_STRICT_PROTOTYPES = YES;
				CLANG_WARN_SUSPICIOUS_MOVE = YES;
				CLANG_WARN_UNGUARDED_AVAILABILITY = YES_AGGRESSIVE;
				CLANG_WARN_UNREACHABLE_CODE = YES;
				CLANG_WARN__DUPLICATE_METHOD_MATCH = YES;
				CODE_SIGN_IDENTITY = "iPhone Developer";
				COPY_PHASE_STRIP = NO;
				DEBUG_INFORMATION_FORMAT = "dwarf-with-dsym";
				ENABLE_NS_ASSERTIONS = NO;
				ENABLE_STRICT_OBJC_MSGSEND = YES;
				GCC_C_LANGUAGE_STANDARD = gnu11;
				GCC_NO_COMMON_BLOCKS = YES;
				GCC_WARN_64_TO_32_BIT_CONVERSION = YES;
				GCC_WARN_ABOUT_RETURN_TYPE = YES_ERROR;
				GCC_WARN_UNDECLARED_SELECTOR = YES;
				GCC_WARN_UNINITIALIZED_AUTOS = YES_AGGRESSIVE;
				GCC_WARN_UNUSED_FUNCTION = YES;
				GCC_WARN_UNUSED_VARIABLE = YES;
				IPHONEOS_DEPLOYMENT_TARGET = 11.4;
				MTL_ENABLE_DEBUG_INFO = NO;
				SDKROOT = iphoneos;
				VALIDATE_PRODUCT = YES;
			};
			name = Release;
		};
		843FE9FE2100AF70003D9672 /* Debug */ = {
			isa = XCBuildConfiguration;
			buildSettings = {
				CODE_SIGN_STYLE = Automatic;
				OTHER_LDFLAGS = "-ObjC";
				PRODUCT_NAME = "$(TARGET_NAME)";
				SKIP_INSTALL = YES;
				TARGETED_DEVICE_FAMILY = "1,2";
			};
			name = Debug;
		};
		843FE9FF2100AF70003D9672 /* Release */ = {
			isa = XCBuildConfiguration;
			buildSettings = {
				CODE_SIGN_STYLE = Automatic;
				OTHER_LDFLAGS = "-ObjC";
				PRODUCT_NAME = "$(TARGET_NAME)";
				SKIP_INSTALL = YES;
				TARGETED_DEVICE_FAMILY = "1,2";
			};
			name = Release;
		};
/* End XCBuildConfiguration section */

/* Begin XCConfigurationList section */
		843FE9EF2100AF6F003D9672 /* Build configuration list for PBXProject "logingUP" */ = {
			isa = XCConfigurationList;
			buildConfigurations = (
				843FE9FB2100AF70003D9672 /* Debug */,
				843FE9FC2100AF70003D9672 /* Release */,
			);
			defaultConfigurationIsVisible = 0;
			defaultConfigurationName = Release;
		};
		843FE9FD2100AF70003D9672 /* Build configuration list for PBXNativeTarget "logingUP" */ = {
			isa = XCConfigurationList;
			buildConfigurations = (
				843FE9FE2100AF70003D9672 /* Debug */,
				843FE9FF2100AF70003D9672 /* Release */,
			);
			defaultConfigurationIsVisible = 0;
			defaultConfigurationName = Release;
		};
/* End XCConfigurationList section */
	};
	rootObject = 843FE9EC2100AF6F003D9672 /* Project object */;
}
