// !$*UTF8*$!
{
	archiveVersion = 1;
	classes = {
	};
	objectVersion = 50;
	objects = {

/* Begin PBXBuildFile section */
		84216F6821184AFB002C90F4 /* FG_instantiationTool.m in Sources */ = {isa = PBXBuildFile; fileRef = 84216F6021184AFB002C90F4 /* FG_instantiationTool.m */; };
		84216F6921184AFB002C90F4 /* logingUP.m in Sources */ = {isa = PBXBuildFile; fileRef = 84216F6521184AFB002C90F4 /* logingUP.m */; };
		84216F6A21184AFB002C90F4 /* FG_eventInfosTool.m in Sources */ = {isa = PBXBuildFile; fileRef = 84216F6621184AFB002C90F4 /* FG_eventInfosTool.m */; };
		84216F6B21184AFB002C90F4 /* FG_logHttpRequest.m in Sources */ = {isa = PBXBuildFile; fileRef = 84216F6721184AFB002C90F4 /* FG_logHttpRequest.m */; };
		842B731E212AC528003D1E98 /* FG_UncaughtExceptionHandler.m in Sources */ = {isa = PBXBuildFile; fileRef = 842B731D212AC528003D1E98 /* FG_UncaughtExceptionHandler.m */; };
		842B7323212D0825003D1E98 /* FG_AFNetworkReachabilityManager.m in Sources */ = {isa = PBXBuildFile; fileRef = 842B7322212D0825003D1E98 /* FG_AFNetworkReachabilityManager.m */; };
		842B742D2134EBBD003D1E98 /* FG_Hardware.m in Sources */ = {isa = PBXBuildFile; fileRef = 842B742B2134EBBD003D1E98 /* FG_Hardware.m */; };
		84387F13215B994B0008832C /* FG_location.m in Sources */ = {isa = PBXBuildFile; fileRef = 84387F12215B994B0008832C /* FG_location.m */; };
		846981A42193E84D0056F7C1 /* UUID.m in Sources */ = {isa = PBXBuildFile; fileRef = 846981A02193E84C0056F7C1 /* UUID.m */; };
		846981A52193E84D0056F7C1 /* KeyChainStore.m in Sources */ = {isa = PBXBuildFile; fileRef = 846981A32193E84C0056F7C1 /* KeyChainStore.m */; };
/* End PBXBuildFile section */

/* Begin PBXCopyFilesBuildPhase section */
		843FE9F22100AF6F003D9672 /* CopyFiles */ = {
			isa = PBXCopyFilesBuildPhase;
			buildActionMask = 2147483647;
			dstPath = "include/$(PRODUCT_NAME)";
			dstSubfolderSpec = 16;
			files = (
			);
			runOnlyForDeploymentPostprocessing = 0;
		};
/* End PBXCopyFilesBuildPhase section */

/* Begin PBXFileReference section */
		84216F5F21184AFB002C90F4 /* logingUP.h */ = {isa = PBXFileReference; fileEncoding = 4; lastKnownFileType = sourcecode.c.h; path = logingUP.h; sourceTree = "<group>"; };
		84216F6021184AFB002C90F4 /* FG_instantiationTool.m */ = {isa = PBXFileReference; fileEncoding = 4; lastKnownFileType = sourcecode.c.objc; path = FG_instantiationTool.m; sourceTree = "<group>"; };
		84216F6121184AFB002C90F4 /* FG_eventInfosTool.h */ = {isa = PBXFileReference; fileEncoding = 4; lastKnownFileType = sourcecode.c.h; path = FG_eventInfosTool.h; sourceTree = "<group>"; };
		84216F6221184AFB002C90F4 /* FG_logHttpRequest.h */ = {isa = PBXFileReference; fileEncoding = 4; lastKnownFileType = sourcecode.c.h; path = FG_logHttpRequest.h; sourceTree = "<group>"; };
		84216F6321184AFB002C90F4 /* FG_instantiationTool.h */ = {isa = PBXFileReference; fileEncoding = 4; lastKnownFileType = sourcecode.c.h; path = FG_instantiationTool.h; sourceTree = "<group>"; };
		84216F6521184AFB002C90F4 /* logingUP.m */ = {isa = PBXFileReference; fileEncoding = 4; lastKnownFileType = sourcecode.c.objc; path = logingUP.m; sourceTree = "<group>"; };
		84216F6621184AFB002C90F4 /* FG_eventInfosTool.m */ = {isa = PBXFileReference; fileEncoding = 4; lastKnownFileType = sourcecode.c.objc; path = FG_eventInfosTool.m; sourceTree = "<group>"; };
		84216F6721184AFB002C90F4 /* FG_logHttpRequest.m */ = {isa = PBXFileReference; fileEncoding = 4; lastKnownFileType = sourcecode.c.objc; path = FG_logHttpRequest.m; sourceTree = "<group>"; };
		842B731C212AC528003D1E98 /* FG_UncaughtExceptionHandler.h */ = {isa = PBXFileReference; lastKnownFileType = sourcecode.c.h; path = FG_UncaughtExceptionHandler.h; sourceTree = "<group>"; };
		842B731D212AC528003D1E98 /* FG_UncaughtExceptionHandler.m */ = {isa = PBXFileReference; lastKnownFileType = sourcecode.c.objc; path = FG_UncaughtExceptionHandler.m; sourceTree = "<group>"; };
		842B7321212D0825003D1E98 /* FG_AFNetworkReachabilityManager.h */ = {isa = PBXFileReference; fileEncoding = 4; lastKnownFileType = sourcecode.c.h; path = FG_AFNetworkReachabilityManager.h; sourceTree = "<group>"; };
		842B7322212D0825003D1E98 /* FG_AFNetworkReachabilityManager.m */ = {isa = PBXFileReference; fileEncoding = 4; lastKnownFileType = sourcecode.c.objc; path = FG_AFNetworkReachabilityManager.m; sourceTree = "<group>"; };
		842B7340212D627B003D1E98 /* FG_Header.pch */ = {isa = PBXFileReference; lastKnownFileType = sourcecode.c.h; path = FG_Header.pch; sourceTree = "<group>"; };
		842B742B2134EBBD003D1E98 /* FG_Hardware.m */ = {isa = PBXFileReference; fileEncoding = 4; lastKnownFileType = sourcecode.c.objc; path = FG_Hardware.m; sourceTree = "<group>"; };
		842B742C2134EBBD003D1E98 /* FG_Hardware.h */ = {isa = PBXFileReference; fileEncoding = 4; lastKnownFileType = sourcecode.c.h; path = FG_Hardware.h; sourceTree = "<group>"; };
		84387F11215B994B0008832C /* FG_location.h */ = {isa = PBXFileReference; lastKnownFileType = sourcecode.c.h; path = FG_location.h; sourceTree = "<group>"; };
		84387F12215B994B0008832C /* FG_location.m */ = {isa = PBXFileReference; lastKnownFileType = sourcecode.c.objc; path = FG_location.m; sourceTree = "<group>"; };
		843FE9F42100AF70003D9672 /* liblogingUP.a */ = {isa = PBXFileReference; explicitFileType = archive.ar; includeInIndex = 0; path = liblogingUP.a; sourceTree = BUILT_PRODUCTS_DIR; };
		846981A02193E84C0056F7C1 /* UUID.m */ = {isa = PBXFileReference; fileEncoding = 4; lastKnownFileType = sourcecode.c.objc; path = UUID.m; sourceTree = "<group>"; };
		846981A12193E84C0056F7C1 /* KeyChainStore.h */ = {isa = PBXFileReference; fileEncoding = 4; lastKnownFileType = sourcecode.c.h; path = KeyChainStore.h; sourceTree = "<group>"; };
		846981A22193E84C0056F7C1 /* UUID.h */ = {isa = PBXFileReference; fileEncoding = 4; lastKnownFileType = sourcecode.c.h; path = UUID.h; sourceTree = "<group>"; };
		846981A32193E84C0056F7C1 /* KeyChainStore.m */ = {isa = PBXFileReference; fileEncoding = 4; lastKnownFileType = sourcecode.c.objc; path = KeyChainStore.m; sourceTree = "<group>"; };
/* End PBXFileReference section */

/* Begin PBXFrameworksBuildPhase section */
		843FE9F12100AF6F003D9672 /* Frameworks */ = {
			isa = PBXFrameworksBuildPhase;
			buildActionMask = 2147483647;
			files = (
			);
			runOnlyForDeploymentPostprocessing = 0;
		};
/* End PBXFrameworksBuildPhase section */

/* Begin PBXGroup section */
		84216F5E21184AFB002C90F4 /* logingUP */ = {
			isa = PBXGroup;
			children = (
				84216F5F21184AFB002C90F4 /* logingUP.h */,
				84216F6521184AFB002C90F4 /* logingUP.m */,
				84216F6321184AFB002C90F4 /* FG_instantiationTool.h */,
				84216F6021184AFB002C90F4 /* FG_instantiationTool.m */,
				84216F6121184AFB002C90F4 /* FG_eventInfosTool.h */,
				84216F6621184AFB002C90F4 /* FG_eventInfosTool.m */,
				84216F6221184AFB002C90F4 /* FG_logHttpRequest.h */,
				84216F6721184AFB002C90F4 /* FG_logHttpRequest.m */,
				842B731C212AC528003D1E98 /* FG_UncaughtExceptionHandler.h */,
				842B731D212AC528003D1E98 /* FG_UncaughtExceptionHandler.m */,
				842B7321212D0825003D1E98 /* FG_AFNetworkReachabilityManager.h */,
				842B7322212D0825003D1E98 /* FG_AFNetworkReachabilityManager.m */,
				842B742C2134EBBD003D1E98 /* FG_Hardware.h */,
				842B742B2134EBBD003D1E98 /* FG_Hardware.m */,
				84387F11215B994B0008832C /* FG_location.h */,
				84387F12215B994B0008832C /* FG_location.m */,
				846981A12193E84C0056F7C1 /* KeyChainStore.h */,
				846981A32193E84C0056F7C1 /* KeyChainStore.m */,
				846981A22193E84C0056F7C1 /* UUID.h */,
				846981A02193E84C0056F7C1 /* UUID.m */,
				842B7340212D627B003D1E98 /* FG_Header.pch */,
			);
			path = logingUP;
			sourceTree = "<group>";
		};
		843FE9EB2100AF6F003D9672 = {
			isa = PBXGroup;
			children = (
				84216F5E21184AFB002C90F4 /* logingUP */,
				843FE9F52100AF70003D9672 /* Products */,
			);
			sourceTree = "<group>";
		};
		843FE9F52100AF70003D9672 /* Products */ = {
			isa = PBXGroup;
			children = (
				843FE9F42100AF70003D9672 /* liblogingUP.a */,
			);
			name = Products;
			sourceTree = "<group>";
		};
/* End PBXGroup section */

/* Begin PBXNativeTarget section */
		843FE9F32100AF6F003D9672 /* logingUP */ = {
			isa = PBXNativeTarget;
			buildConfigurationList = 843FE9FD2100AF70003D9672 /* Build configuration list for PBXNativeTarget "logingUP" */;
			buildPhases = (
				843FE9F02100AF6F003D9672 /* Sources */,
				843FE9F12100AF6F003D9672 /* Frameworks */,
				843FE9F22100AF6F003D9672 /* CopyFiles */,
			);
			buildRules = (
			);
			dependencies = (
			);
			name = logingUP;
			productName = logingUP;
			productReference = 843FE9F42100AF70003D9672 /* liblogingUP.a */;
			productType = "com.apple.product-type.library.static";
		};
/* End PBXNativeTarget section */

/* Begin PBXProject section */
		843FE9EC2100AF6F003D9672 /* Project object */ = {
			isa = PBXProject;
			attributes = {
				LastUpgradeCheck = 0940;
				ORGANIZATIONNAME = WangFangGe;
				TargetAttributes = {
					843FE9F32100AF6F003D9672 = {
						CreatedOnToolsVersion = 9.4.1;
					};
				};
			};
			buildConfigurationList = 843FE9EF2100AF6F003D9672 /* Build configuration list for PBXProject "logingUP" */;
			compatibilityVersion = "Xcode 9.3";
			developmentRegion = en;
			hasScannedForEncodings = 0;
			knownRegions = (
				en,
			);
			mainGroup = 843FE9EB2100AF6F003D9672;
			productRefGroup = 843FE9F52100AF70003D9672 /* Products */;
			projectDirPath = "";
			projectRoot = "";
			targets = (
				843FE9F32100AF6F003D9672 /* logingUP */,
			);
		};
/* End PBXProject section */

/* Begin PBXSourcesBuildPhase section */
		843FE9F02100AF6F003D9672 /* Sources */ = {
			isa = PBXSourcesBuildPhase;
			buildActionMask = 2147483647;
			files = (
				842B742D2134EBBD003D1E98 /* FG_Hardware.m in Sources */,
				84216F6A21184AFB002C90F4 /* FG_eventInfosTool.m in Sources */,
				846981A42193E84D0056F7C1 /* UUID.m in Sources */,
				842B731E212AC528003D1E98 /* FG_UncaughtExceptionHandler.m in Sources */,
				84216F6B21184AFB002C90F4 /* FG_logHttpRequest.m in Sources */,
				84216F6921184AFB002C90F4 /* logingUP.m in Sources */,
				84387F13215B994B0008832C /* FG_location.m in Sources */,
				842B7323212D0825003D1E98 /* FG_AFNetworkReachabilityManager.m in Sources */,
				84216F6821184AFB002C90F4 /* FG_instantiationTool.m in Sources */,
				846981A52193E84D0056F7C1 /* KeyChainStore.m in Sources */,
			);
			runOnlyForDeploymentPostprocessing = 0;
		};
/* End PBXSourcesBuildPhase section */

/* Begin XCBuildConfiguration section */
		843FE9FB2100AF70003D9672 /* Debug */ = {
			isa = XCBuildConfiguration;
			buildSettings = {
				ALWAYS_SEARCH_USER_PATHS = NO;
				CLANG_ANALYZER_NONNULL = YES;
				CLANG_ANALYZER_NUMBER_OBJECT_CONVERSION = YES_AGGRESSIVE;
				CLANG_CXX_LANGUAGE_STANDARD = "gnu++14";
				CLANG_CXX_LIBRARY = "libc++";
				CLANG_ENABLE_MODULES = YES;
				CLANG_ENABLE_OBJC_ARC = YES;
				CLANG_ENABLE_OBJC_WEAK = YES;
				CLANG_WARN_BLOCK_CAPTURE_AUTORELEASING = YES;
				CLANG_WARN_BOOL_CONVERSION = YES;
				CLANG_WARN_COMMA = YES;
				CLANG_WARN_CONSTANT_CONVERSION = YES;
				CLANG_WARN_DEPRECATED_OBJC_IMPLEMENTATIONS = YES;
				CLANG_WARN_DIRECT_OBJC_ISA_USAGE = YES_ERROR;
				CLANG_WARN_DOCUMENTATION_COMMENTS = YES;
				CLANG_WARN_EMPTY_BODY = YES;
				CLANG_WARN_ENUM_CONVERSION = YES;
				CLANG_WARN_INFINITE_RECURSION = YES;
				CLANG_WARN_INT_CONVERSION = YES;
				CLANG_WARN_NON_LITERAL_NULL_CONVERSION = YES;
				CLANG_WARN_OBJC_IMPLICIT_RETAIN_SELF = YES;
				CLANG_WARN_OBJC_LITERAL_CONVERSION = YES;
				CLANG_WARN_OBJC_ROOT_CLASS = YES_ERROR;
				CLANG_WARN_RANGE_LOOP_ANALYSIS = YES;
				CLANG_WARN_STRICT_PROTOTYPES = YES;
				CLANG_WARN_SUSPICIOUS_MOVE = YES;
				CLANG_WARN_UNGUARDED_AVAILABILITY = YES_AGGRESSIVE;
				CLANG_WARN_UNREACHABLE_CODE = YES;
				CLANG_WARN__DUPLICATE_METHOD_MATCH = YES;
				CODE_SIGN_IDENTITY = "iPhone Developer";
				COPY_PHASE_STRIP = NO;
				DEBUG_INFORMATION_FORMAT = dwarf;
				ENABLE_STRICT_OBJC_MSGSEND = YES;
				ENABLE_TESTABILITY = YES;
				GCC_C_LANGUAGE_STANDARD = gnu11;
				GCC_DYNAMIC_NO_PIC = NO;
				GCC_NO_COMMON_BLOCKS = YES;
				GCC_OPTIMIZATION_LEVEL = 0;
				GCC_PREPROCESSOR_DEFINITIONS = (
					"DEBUG=1",
					"$(inherited)",
				);
				GCC_WARN_64_TO_32_BIT_CONVERSION = YES;
				GCC_WARN_ABOUT_RETURN_TYPE = YES_ERROR;
				GCC_WARN_UNDECLARED_SELECTOR = YES;
				GCC_WARN_UNINITIALIZED_AUTOS = YES_AGGRESSIVE;
				GCC_WARN_UNUSED_FUNCTION = YES;
				GCC_WARN_UNUSED_VARIABLE = YES;
				IPHONEOS_DEPLOYMENT_TARGET = 8.0;
				MTL_ENABLE_DEBUG_INFO = YES;
				ONLY_ACTIVE_ARCH = YES;
				SDKROOT = iphoneos;
			};
			name = Debug;
		};
		843FE9FC2100AF70003D9672 /* Release */ = {
			isa = XCBuildConfiguration;
			buildSettings = {
				ALWAYS_SEARCH_USER_PATHS = NO;
				CLANG_ANALYZER_NONNULL = YES;
				CLANG_ANALYZER_NUMBER_OBJECT_CONVERSION = YES_AGGRESSIVE;
				CLANG_CXX_LANGUAGE_STANDARD = "gnu++14";
				CLANG_CXX_LIBRARY = "libc++";
				CLANG_ENABLE_MODULES = YES;
				CLANG_ENABLE_OBJC_ARC = YES;
				CLANG_ENABLE_OBJC_WEAK = YES;
				CLANG_WARN_BLOCK_CAPTURE_AUTORELEASING = YES;
				CLANG_WARN_BOOL_CONVERSION = YES;
				CLANG_WARN_COMMA = YES;
				CLANG_WARN_CONSTANT_CONVERSION = YES;
				CLANG_WARN_DEPRECATED_OBJC_IMPLEMENTATIONS = YES;
				CLANG_WARN_DIRECT_OBJC_ISA_USAGE = YES_ERROR;
				CLANG_WARN_DOCUMENTATION_COMMENTS = YES;
				CLANG_WARN_EMPTY_BODY = YES;
				CLANG_WARN_ENUM_CONVERSION = YES;
				CLANG_WARN_INFINITE_RECURSION = YES;
				CLANG_WARN_INT_CONVERSION = YES;
				CLANG_WARN_NON_LITERAL_NULL_CONVERSION = YES;
				CLANG_WARN_OBJC_IMPLICIT_RETAIN_SELF = YES;
				CLANG_WARN_OBJC_LITERAL_CONVERSION = YES;
				CLANG_WARN_OBJC_ROOT_CLASS = YES_ERROR;
				CLANG_WARN_RANGE_LOOP_ANALYSIS = YES;
				CLANG_WARN_STRICT_PROTOTYPES = YES;
				CLANG_WARN_SUSPICIOUS_MOVE = YES;
				CLANG_WARN_UNGUARDED_AVAILABILITY = YES_AGGRESSIVE;
				CLANG_WARN_UNREACHABLE_CODE = YES;
				CLANG_WARN__DUPLICATE_METHOD_MATCH = YES;
				CODE_SIGN_IDENTITY = "iPhone Developer";
				COPY_PHASE_STRIP = NO;
				DEBUG_INFORMATION_FORMAT = "dwarf-with-dsym";
				ENABLE_NS_ASSERTIONS = NO;
				ENABLE_STRICT_OBJC_MSGSEND = YES;
				GCC_C_LANGUAGE_STANDARD = gnu11;
				GCC_NO_COMMON_BLOCKS = YES;
				GCC_WARN_64_TO_32_BIT_CONVERSION = YES;
				GCC_WARN_ABOUT_RETURN_TYPE = YES_ERROR;
				GCC_WARN_UNDECLARED_SELECTOR = YES;
				GCC_WARN_UNINITIALIZED_AUTOS = YES_AGGRESSIVE;
				GCC_WARN_UNUSED_FUNCTION = YES;
				GCC_WARN_UNUSED_VARIABLE = YES;
				IPHONEOS_DEPLOYMENT_TARGET = 8.0;
				MTL_ENABLE_DEBUG_INFO = NO;
				SDKROOT = iphoneos;
				VALIDATE_PRODUCT = YES;
			};
			name = Release;
		};
		843FE9FE2100AF70003D9672 /* Debug */ = {
			isa = XCBuildConfiguration;
			buildSettings = {
				CODE_SIGN_STYLE = Automatic;
				GCC_PREFIX_HEADER = "$(SRCROOT)/logingUP/FG_Header.pch";
				OTHER_LDFLAGS = "-ObjC";
				PRODUCT_NAME = "$(TARGET_NAME)";
				SKIP_INSTALL = YES;
				TARGETED_DEVICE_FAMILY = "1,2";
			};
			name = Debug;
		};
		843FE9FF2100AF70003D9672 /* Release */ = {
			isa = XCBuildConfiguration;
			buildSettings = {
				CODE_SIGN_STYLE = Automatic;
				GCC_PREFIX_HEADER = "$(SRCROOT)/logingUP/FG_Header.pch";
				OTHER_LDFLAGS = "-ObjC";
				PRODUCT_NAME = "$(TARGET_NAME)";
				SKIP_INSTALL = YES;
				TARGETED_DEVICE_FAMILY = "1,2";
			};
			name = Release;
		};
/* End XCBuildConfiguration section */

/* Begin XCConfigurationList section */
		843FE9EF2100AF6F003D9672 /* Build configuration list for PBXProject "logingUP" */ = {
			isa = XCConfigurationList;
			buildConfigurations = (
				843FE9FB2100AF70003D9672 /* Debug */,
				843FE9FC2100AF70003D9672 /* Release */,
			);
			defaultConfigurationIsVisible = 0;
			defaultConfigurationName = Release;
		};
		843FE9FD2100AF70003D9672 /* Build configuration list for PBXNativeTarget "logingUP" */ = {
			isa = XCConfigurationList;
			buildConfigurations = (
				843FE9FE2100AF70003D9672 /* Debug */,
				843FE9FF2100AF70003D9672 /* Release */,
			);
			defaultConfigurationIsVisible = 0;
			defaultConfigurationName = Release;
		};
/* End XCConfigurationList section */
	};
	rootObject = 843FE9EC2100AF6F003D9672 /* Project object */;
}
